
Microsoft Visual Studio Solution File, Format Version 12.00
Project("{FAE04EC0-301F-11D3-BF4B-00C04F79EFBC}") = "EShopFanerum.Core", "EShopFanerum.Core\EShopFanerum.Core.csproj", "{659FD4DF-5E5B-425C-A284-63E35234983C}"
EndProject
Project("{FAE04EC0-301F-11D3-BF4B-00C04F79EFBC}") = "EShopFanerum.Domain", "EShopFanerum.Domain\EShopFanerum.Domain.csproj", "{33C1462D-A695-409D-9E47-2BD49CA3A08F}"
EndProject
Project("{FAE04EC0-301F-11D3-BF4B-00C04F79EFBC}") = "EShopFanerum.Persistance", "EShopFanerum.Persistance\EShopFanerum.Persistance.csproj", "{4DCF9A67-12F3-417B-A036-073CE3C27A40}"
EndProject
Project("{FAE04EC0-301F-11D3-BF4B-00C04F79EFBC}") = "EShopFanerum.ShopApi", "EShopFanerum.ShopApi\EShopFanerum.ShopApi.csproj", "{7A1158DB-CDEC-4498-8EA6-893F6338F3EC}"
EndProject
Project("{FAE04EC0-301F-11D3-BF4B-00C04F79EFBC}") = "EShopFanerum.StockApi", "EShopFanerum.StockApi\EShopFanerum.StockApi.csproj", "{6DFCC262-911A-4178-83D3-DE6445C9D3DE}"
EndProject
Project("{FAE04EC0-301F-11D3-BF4B-00C04F79EFBC}") = "EShopFanerum.BotService", "EShopFanerum.BotService\EShopFanerum.BotService.csproj", "{BD59A013-45F8-4EAC-8426-238CEB13A8A0}"
EndProject
Project("{FAE04EC0-301F-11D3-BF4B-00C04F79EFBC}") = "EShopFanerum.Infrastructure", "EShopFanerum.Infrastructure\EShopFanerum.Infrastructure.csproj", "{CE28C8E5-9575-4B50-8AFD-3F1788433E00}"
EndProject
Project("{FAE04EC0-301F-11D3-BF4B-00C04F79EFBC}") = "EShopFanerum.Avalonia.ManagerApp", "EShopFanerum.Avalonia.ManagerApp\EShopFanerum.Avalonia.ManagerApp.csproj", "{DD318B40-B5A1-4020-A412-FB6E61DB926B}"
EndProject
Global
	GlobalSection(SolutionConfigurationPlatforms) = preSolution
		Debug|Any CPU = Debug|Any CPU
		Release|Any CPU = Release|Any CPU
	EndGlobalSection
	GlobalSection(ProjectConfigurationPlatforms) = postSolution
		{659FD4DF-5E5B-425C-A284-63E35234983C}.Debug|Any CPU.ActiveCfg = Debug|Any CPU
		{659FD4DF-5E5B-425C-A284-63E35234983C}.Debug|Any CPU.Build.0 = Debug|Any CPU
		{659FD4DF-5E5B-425C-A284-63E35234983C}.Release|Any CPU.ActiveCfg = Release|Any CPU
		{659FD4DF-5E5B-425C-A284-63E35234983C}.Release|Any CPU.Build.0 = Release|Any CPU
		{33C1462D-A695-409D-9E47-2BD49CA3A08F}.Debug|Any CPU.ActiveCfg = Debug|Any CPU
		{33C1462D-A695-409D-9E47-2BD49CA3A08F}.Debug|Any CPU.Build.0 = Debug|Any CPU
		{33C1462D-A695-409D-9E47-2BD49CA3A08F}.Release|Any CPU.ActiveCfg = Release|Any CPU
		{33C1462D-A695-409D-9E47-2BD49CA3A08F}.Release|Any CPU.Build.0 = Release|Any CPU
		{4DCF9A67-12F3-417B-A036-073CE3C27A40}.Debug|Any CPU.ActiveCfg = Debug|Any CPU
		{4DCF9A67-12F3-417B-A036-073CE3C27A40}.Debug|Any CPU.Build.0 = Debug|Any CPU
		{4DCF9A67-12F3-417B-A036-073CE3C27A40}.Release|Any CPU.ActiveCfg = Release|Any CPU
		{4DCF9A67-12F3-417B-A036-073CE3C27A40}.Release|Any CPU.Build.0 = Release|Any CPU
		{7A1158DB-CDEC-4498-8EA6-893F6338F3EC}.Debug|Any CPU.ActiveCfg = Debug|Any CPU
		{7A1158DB-CDEC-4498-8EA6-893F6338F3EC}.Debug|Any CPU.Build.0 = Debug|Any CPU
		{7A1158DB-CDEC-4498-8EA6-893F6338F3EC}.Release|Any CPU.ActiveCfg = Release|Any CPU
		{7A1158DB-CDEC-4498-8EA6-893F6338F3EC}.Release|Any CPU.Build.0 = Release|Any CPU
		{6DFCC262-911A-4178-83D3-DE6445C9D3DE}.Debug|Any CPU.ActiveCfg = Debug|Any CPU
		{6DFCC262-911A-4178-83D3-DE6445C9D3DE}.Debug|Any CPU.Build.0 = Debug|Any CPU
		{6DFCC262-911A-4178-83D3-DE6445C9D3DE}.Release|Any CPU.ActiveCfg = Release|Any CPU
		{6DFCC262-911A-4178-83D3-DE6445C9D3DE}.Release|Any CPU.Build.0 = Release|Any CPU
		{BD59A013-45F8-4EAC-8426-238CEB13A8A0}.Debug|Any CPU.ActiveCfg = Debug|Any CPU
		{BD59A013-45F8-4EAC-8426-238CEB13A8A0}.Debug|Any CPU.Build.0 = Debug|Any CPU
		{BD59A013-45F8-4EAC-8426-238CEB13A8A0}.Release|Any CPU.ActiveCfg = Release|Any CPU
		{BD59A013-45F8-4EAC-8426-238CEB13A8A0}.Release|Any CPU.Build.0 = Release|Any CPU
		{CE28C8E5-9575-4B50-8AFD-3F1788433E00}.Debug|Any CPU.ActiveCfg = Debug|Any CPU
		{CE28C8E5-9575-4B50-8AFD-3F1788433E00}.Debug|Any CPU.Build.0 = Debug|Any CPU
		{CE28C8E5-9575-4B50-8AFD-3F1788433E00}.Release|Any CPU.ActiveCfg = Release|Any CPU
		{CE28C8E5-9575-4B50-8AFD-3F1788433E00}.Release|Any CPU.Build.0 = Release|Any CPU
		{DD318B40-B5A1-4020-A412-FB6E61DB926B}.Debug|Any CPU.ActiveCfg = Debug|Any CPU
		{DD318B40-B5A1-4020-A412-FB6E61DB926B}.Debug|Any CPU.Build.0 = Debug|Any CPU
		{DD318B40-B5A1-4020-A412-FB6E61DB926B}.Release|Any CPU.ActiveCfg = Release|Any CPU
		{DD318B40-B5A1-4020-A412-FB6E61DB926B}.Release|Any CPU.Build.0 = Release|Any CPU
	EndGlobalSection
EndGlobal
